// !$*UTF8*$!
{
	archiveVersion = 1;
	classes = {
	};
	objectVersion = 46;
	objects = {

/* Begin PBXBuildFile section */
		181ED4D91C4E2BAB00AA99D0 /* RotatingViewController.swift in Sources */ = {isa = PBXBuildFile; fileRef = 181ED4D81C4E2BAB00AA99D0 /* RotatingViewController.swift */; };
		1860EEA71C295E0600A87541 /* AppDelegate.swift in Sources */ = {isa = PBXBuildFile; fileRef = 1860EEA61C295E0600A87541 /* AppDelegate.swift */; };
		1860EEAC1C295E0600A87541 /* Main.storyboard in Resources */ = {isa = PBXBuildFile; fileRef = 1860EEAA1C295E0600A87541 /* Main.storyboard */; };
		1860EEAE1C295E0600A87541 /* Assets.xcassets in Resources */ = {isa = PBXBuildFile; fileRef = 1860EEAD1C295E0600A87541 /* Assets.xcassets */; };
		1860EEB11C295E0600A87541 /* LaunchScreen.storyboard in Resources */ = {isa = PBXBuildFile; fileRef = 1860EEAF1C295E0600A87541 /* LaunchScreen.storyboard */; };
		1860EEBC1C295E0600A87541 /* CognitiveGamesTests.swift in Sources */ = {isa = PBXBuildFile; fileRef = 1860EEBB1C295E0600A87541 /* CognitiveGamesTests.swift */; };
		1860EEC71C295E0600A87541 /* CognitiveGamesUITests.swift in Sources */ = {isa = PBXBuildFile; fileRef = 1860EEC61C295E0600A87541 /* CognitiveGamesUITests.swift */; };
		1860EEDB1C29658700A87541 /* ViewController.swift in Sources */ = {isa = PBXBuildFile; fileRef = 1860EEDA1C29658700A87541 /* ViewController.swift */; };
		1860EEDD1C2965BF00A87541 /* MainCollectionViewCell.swift in Sources */ = {isa = PBXBuildFile; fileRef = 1860EEDC1C2965BF00A87541 /* MainCollectionViewCell.swift */; };
		1860EEE01C2968C900A87541 /* SortViewController.swift in Sources */ = {isa = PBXBuildFile; fileRef = 1860EEDF1C2968C900A87541 /* SortViewController.swift */; };
		1860EEE21C2968D800A87541 /* SortCollectionViewCell.swift in Sources */ = {isa = PBXBuildFile; fileRef = 1860EEE11C2968D800A87541 /* SortCollectionViewCell.swift */; };
/* End PBXBuildFile section */

/* Begin PBXContainerItemProxy section */
		1860EEB81C295E0600A87541 /* PBXContainerItemProxy */ = {
			isa = PBXContainerItemProxy;
			containerPortal = 1860EE9B1C295E0600A87541 /* Project object */;
			proxyType = 1;
			remoteGlobalIDString = 1860EEA21C295E0600A87541;
			remoteInfo = CognitiveGames;
		};
		1860EEC31C295E0600A87541 /* PBXContainerItemProxy */ = {
			isa = PBXContainerItemProxy;
			containerPortal = 1860EE9B1C295E0600A87541 /* Project object */;
			proxyType = 1;
			remoteGlobalIDString = 1860EEA21C295E0600A87541;
			remoteInfo = CognitiveGames;
		};
/* End PBXContainerItemProxy section */

/* Begin PBXFileReference section */
		181ED4D81C4E2BAB00AA99D0 /* RotatingViewController.swift */ = {isa = PBXFileReference; fileEncoding = 4; lastKnownFileType = sourcecode.swift; path = RotatingViewController.swift; sourceTree = "<group>"; };
		1860EEA31C295E0600A87541 /* CognitiveGames.app */ = {isa = PBXFileReference; explicitFileType = wrapper.application; includeInIndex = 0; path = CognitiveGames.app; sourceTree = BUILT_PRODUCTS_DIR; };
		1860EEA61C295E0600A87541 /* AppDelegate.swift */ = {isa = PBXFileReference; lastKnownFileType = sourcecode.swift; path = AppDelegate.swift; sourceTree = "<group>"; };
		1860EEAB1C295E0600A87541 /* Base */ = {isa = PBXFileReference; lastKnownFileType = file.storyboard; name = Base; path = Base.lproj/Main.storyboard; sourceTree = "<group>"; };
		1860EEAD1C295E0600A87541 /* Assets.xcassets */ = {isa = PBXFileReference; lastKnownFileType = folder.assetcatalog; path = Assets.xcassets; sourceTree = "<group>"; };
		1860EEB01C295E0600A87541 /* Base */ = {isa = PBXFileReference; lastKnownFileType = file.storyboard; name = Base; path = Base.lproj/LaunchScreen.storyboard; sourceTree = "<group>"; };
		1860EEB21C295E0600A87541 /* Info.plist */ = {isa = PBXFileReference; lastKnownFileType = text.plist.xml; path = Info.plist; sourceTree = "<group>"; };
		1860EEB71C295E0600A87541 /* CognitiveGamesTests.xctest */ = {isa = PBXFileReference; explicitFileType = wrapper.cfbundle; includeInIndex = 0; path = CognitiveGamesTests.xctest; sourceTree = BUILT_PRODUCTS_DIR; };
		1860EEBB1C295E0600A87541 /* CognitiveGamesTests.swift */ = {isa = PBXFileReference; lastKnownFileType = sourcecode.swift; path = CognitiveGamesTests.swift; sourceTree = "<group>"; };
		1860EEBD1C295E0600A87541 /* Info.plist */ = {isa = PBXFileReference; lastKnownFileType = text.plist.xml; path = Info.plist; sourceTree = "<group>"; };
		1860EEC21C295E0600A87541 /* CognitiveGamesUITests.xctest */ = {isa = PBXFileReference; explicitFileType = wrapper.cfbundle; includeInIndex = 0; path = CognitiveGamesUITests.xctest; sourceTree = BUILT_PRODUCTS_DIR; };
		1860EEC61C295E0600A87541 /* CognitiveGamesUITests.swift */ = {isa = PBXFileReference; lastKnownFileType = sourcecode.swift; path = CognitiveGamesUITests.swift; sourceTree = "<group>"; };
		1860EEC81C295E0600A87541 /* Info.plist */ = {isa = PBXFileReference; lastKnownFileType = text.plist.xml; path = Info.plist; sourceTree = "<group>"; };
		1860EEDA1C29658700A87541 /* ViewController.swift */ = {isa = PBXFileReference; fileEncoding = 4; lastKnownFileType = sourcecode.swift; path = ViewController.swift; sourceTree = "<group>"; };
		1860EEDC1C2965BF00A87541 /* MainCollectionViewCell.swift */ = {isa = PBXFileReference; fileEncoding = 4; lastKnownFileType = sourcecode.swift; path = MainCollectionViewCell.swift; sourceTree = "<group>"; };
		1860EEDF1C2968C900A87541 /* SortViewController.swift */ = {isa = PBXFileReference; fileEncoding = 4; lastKnownFileType = sourcecode.swift; path = SortViewController.swift; sourceTree = "<group>"; };
		1860EEE11C2968D800A87541 /* SortCollectionViewCell.swift */ = {isa = PBXFileReference; fileEncoding = 4; lastKnownFileType = sourcecode.swift; path = SortCollectionViewCell.swift; sourceTree = "<group>"; };
/* End PBXFileReference section */

/* Begin PBXFrameworksBuildPhase section */
		1860EEA01C295E0600A87541 /* Frameworks */ = {
			isa = PBXFrameworksBuildPhase;
			buildActionMask = 2147483647;
			files = (
			);
			runOnlyForDeploymentPostprocessing = 0;
		};
		1860EEB41C295E0600A87541 /* Frameworks */ = {
			isa = PBXFrameworksBuildPhase;
			buildActionMask = 2147483647;
			files = (
			);
			runOnlyForDeploymentPostprocessing = 0;
		};
		1860EEBF1C295E0600A87541 /* Frameworks */ = {
			isa = PBXFrameworksBuildPhase;
			buildActionMask = 2147483647;
			files = (
			);
			runOnlyForDeploymentPostprocessing = 0;
		};
/* End PBXFrameworksBuildPhase section */

/* Begin PBXGroup section */
		181ED4D71C4E2B9400AA99D0 /* Rotating */ = {
			isa = PBXGroup;
			children = (
				181ED4D81C4E2BAB00AA99D0 /* RotatingViewController.swift */,
			);
			path = Rotating;
			sourceTree = "<group>";
		};
		1860EE9A1C295E0600A87541 = {
			isa = PBXGroup;
			children = (
				1860EEA51C295E0600A87541 /* CognitiveGames */,
				1860EEBA1C295E0600A87541 /* CognitiveGamesTests */,
				1860EEC51C295E0600A87541 /* CognitiveGamesUITests */,
				1860EEA41C295E0600A87541 /* Products */,
			);
			sourceTree = "<group>";
		};
		1860EEA41C295E0600A87541 /* Products */ = {
			isa = PBXGroup;
			children = (
				1860EEA31C295E0600A87541 /* CognitiveGames.app */,
				1860EEB71C295E0600A87541 /* CognitiveGamesTests.xctest */,
				1860EEC21C295E0600A87541 /* CognitiveGamesUITests.xctest */,
			);
			name = Products;
			sourceTree = "<group>";
		};
		1860EEA51C295E0600A87541 /* CognitiveGames */ = {
			isa = PBXGroup;
			children = (
				1860EEA61C295E0600A87541 /* AppDelegate.swift */,
				1860EEAA1C295E0600A87541 /* Main.storyboard */,
				1860EEAD1C295E0600A87541 /* Assets.xcassets */,
				1860EEAF1C295E0600A87541 /* LaunchScreen.storyboard */,
				1860EED41C295E6F00A87541 /* Classes */,
				1860EEB21C295E0600A87541 /* Info.plist */,
			);
			path = CognitiveGames;
			sourceTree = "<group>";
		};
		1860EEBA1C295E0600A87541 /* CognitiveGamesTests */ = {
			isa = PBXGroup;
			children = (
				1860EEBB1C295E0600A87541 /* CognitiveGamesTests.swift */,
				1860EEBD1C295E0600A87541 /* Info.plist */,
			);
			path = CognitiveGamesTests;
			sourceTree = "<group>";
		};
		1860EEC51C295E0600A87541 /* CognitiveGamesUITests */ = {
			isa = PBXGroup;
			children = (
				1860EEC61C295E0600A87541 /* CognitiveGamesUITests.swift */,
				1860EEC81C295E0600A87541 /* Info.plist */,
			);
			path = CognitiveGamesUITests;
			sourceTree = "<group>";
		};
		1860EED41C295E6F00A87541 /* Classes */ = {
			isa = PBXGroup;
			children = (
				1860EED51C295E6F00A87541 /* External */,
				1860EED61C295E6F00A87541 /* Managers */,
				1860EED71C295E6F00A87541 /* Utility */,
				1860EED81C295E6F00A87541 /* Views */,
			);
			path = Classes;
			sourceTree = "<group>";
		};
		1860EED51C295E6F00A87541 /* External */ = {
			isa = PBXGroup;
			children = (
			);
			path = External;
			sourceTree = "<group>";
		};
		1860EED61C295E6F00A87541 /* Managers */ = {
			isa = PBXGroup;
			children = (
			);
			path = Managers;
			sourceTree = "<group>";
		};
		1860EED71C295E6F00A87541 /* Utility */ = {
			isa = PBXGroup;
			children = (
			);
			path = Utility;
			sourceTree = "<group>";
		};
		1860EED81C295E6F00A87541 /* Views */ = {
			isa = PBXGroup;
			children = (
				181ED4D71C4E2B9400AA99D0 /* Rotating */,
				1860EEDE1C2968BA00A87541 /* Sort */,
				1860EED91C29655F00A87541 /* Main */,
			);
			path = Views;
			sourceTree = "<group>";
		};
		1860EED91C29655F00A87541 /* Main */ = {
			isa = PBXGroup;
			children = (
				1860EEDA1C29658700A87541 /* ViewController.swift */,
				1860EEDC1C2965BF00A87541 /* MainCollectionViewCell.swift */,
			);
			path = Main;
			sourceTree = "<group>";
		};
		1860EEDE1C2968BA00A87541 /* Sort */ = {
			isa = PBXGroup;
			children = (
				1860EEDF1C2968C900A87541 /* SortViewController.swift */,
				1860EEE11C2968D800A87541 /* SortCollectionViewCell.swift */,
			);
			path = Sort;
			sourceTree = "<group>";
		};
/* End PBXGroup section */

/* Begin PBXNativeTarget section */
		1860EEA21C295E0600A87541 /* CognitiveGames */ = {
			isa = PBXNativeTarget;
			buildConfigurationList = 1860EECB1C295E0600A87541 /* Build configuration list for PBXNativeTarget "CognitiveGames" */;
			buildPhases = (
				1860EE9F1C295E0600A87541 /* Sources */,
				1860EEA01C295E0600A87541 /* Frameworks */,
				1860EEA11C295E0600A87541 /* Resources */,
			);
			buildRules = (
			);
			dependencies = (
			);
			name = CognitiveGames;
			productName = CognitiveGames;
			productReference = 1860EEA31C295E0600A87541 /* CognitiveGames.app */;
			productType = "com.apple.product-type.application";
		};
		1860EEB61C295E0600A87541 /* CognitiveGamesTests */ = {
			isa = PBXNativeTarget;
			buildConfigurationList = 1860EECE1C295E0600A87541 /* Build configuration list for PBXNativeTarget "CognitiveGamesTests" */;
			buildPhases = (
				1860EEB31C295E0600A87541 /* Sources */,
				1860EEB41C295E0600A87541 /* Frameworks */,
				1860EEB51C295E0600A87541 /* Resources */,
			);
			buildRules = (
			);
			dependencies = (
				1860EEB91C295E0600A87541 /* PBXTargetDependency */,
			);
			name = CognitiveGamesTests;
			productName = CognitiveGamesTests;
			productReference = 1860EEB71C295E0600A87541 /* CognitiveGamesTests.xctest */;
			productType = "com.apple.product-type.bundle.unit-test";
		};
		1860EEC11C295E0600A87541 /* CognitiveGamesUITests */ = {
			isa = PBXNativeTarget;
			buildConfigurationList = 1860EED11C295E0600A87541 /* Build configuration list for PBXNativeTarget "CognitiveGamesUITests" */;
			buildPhases = (
				1860EEBE1C295E0600A87541 /* Sources */,
				1860EEBF1C295E0600A87541 /* Frameworks */,
				1860EEC01C295E0600A87541 /* Resources */,
			);
			buildRules = (
			);
			dependencies = (
				1860EEC41C295E0600A87541 /* PBXTargetDependency */,
			);
			name = CognitiveGamesUITests;
			productName = CognitiveGamesUITests;
			productReference = 1860EEC21C295E0600A87541 /* CognitiveGamesUITests.xctest */;
			productType = "com.apple.product-type.bundle.ui-testing";
		};
/* End PBXNativeTarget section */

/* Begin PBXProject section */
		1860EE9B1C295E0600A87541 /* Project object */ = {
			isa = PBXProject;
			attributes = {
				LastSwiftUpdateCheck = 0720;
				LastUpgradeCheck = 0720;
				ORGANIZATIONNAME = "Chaotic Neutral";
				TargetAttributes = {
					1860EEA21C295E0600A87541 = {
						CreatedOnToolsVersion = 7.2;
					};
					1860EEB61C295E0600A87541 = {
						CreatedOnToolsVersion = 7.2;
						TestTargetID = 1860EEA21C295E0600A87541;
					};
					1860EEC11C295E0600A87541 = {
						CreatedOnToolsVersion = 7.2;
						TestTargetID = 1860EEA21C295E0600A87541;
					};
				};
			};
			buildConfigurationList = 1860EE9E1C295E0600A87541 /* Build configuration list for PBXProject "CognitiveGames" */;
			compatibilityVersion = "Xcode 3.2";
			developmentRegion = English;
			hasScannedForEncodings = 0;
			knownRegions = (
				en,
				Base,
			);
			mainGroup = 1860EE9A1C295E0600A87541;
			productRefGroup = 1860EEA41C295E0600A87541 /* Products */;
			projectDirPath = "";
			projectRoot = "";
			targets = (
				1860EEA21C295E0600A87541 /* CognitiveGames */,
				1860EEB61C295E0600A87541 /* CognitiveGamesTests */,
				1860EEC11C295E0600A87541 /* CognitiveGamesUITests */,
			);
		};
/* End PBXProject section */

/* Begin PBXResourcesBuildPhase section */
		1860EEA11C295E0600A87541 /* Resources */ = {
			isa = PBXResourcesBuildPhase;
			buildActionMask = 2147483647;
			files = (
				1860EEB11C295E0600A87541 /* LaunchScreen.storyboard in Resources */,
				1860EEAE1C295E0600A87541 /* Assets.xcassets in Resources */,
				1860EEAC1C295E0600A87541 /* Main.storyboard in Resources */,
			);
			runOnlyForDeploymentPostprocessing = 0;
		};
		1860EEB51C295E0600A87541 /* Resources */ = {
			isa = PBXResourcesBuildPhase;
			buildActionMask = 2147483647;
			files = (
			);
			runOnlyForDeploymentPostprocessing = 0;
		};
		1860EEC01C295E0600A87541 /* Resources */ = {
			isa = PBXResourcesBuildPhase;
			buildActionMask = 2147483647;
			files = (
			);
			runOnlyForDeploymentPostprocessing = 0;
		};
/* End PBXResourcesBuildPhase section */

/* Begin PBXSourcesBuildPhase section */
		1860EE9F1C295E0600A87541 /* Sources */ = {
			isa = PBXSourcesBuildPhase;
			buildActionMask = 2147483647;
			files = (
				1860EEDB1C29658700A87541 /* ViewController.swift in Sources */,
				1860EEE21C2968D800A87541 /* SortCollectionViewCell.swift in Sources */,
				181ED4D91C4E2BAB00AA99D0 /* RotatingViewController.swift in Sources */,
				1860EEDD1C2965BF00A87541 /* MainCollectionViewCell.swift in Sources */,
				1860EEE01C2968C900A87541 /* SortViewController.swift in Sources */,
				1860EEA71C295E0600A87541 /* AppDelegate.swift in Sources */,
			);
			runOnlyForDeploymentPostprocessing = 0;
		};
		1860EEB31C295E0600A87541 /* Sources */ = {
			isa = PBXSourcesBuildPhase;
			buildActionMask = 2147483647;
			files = (
				1860EEBC1C295E0600A87541 /* CognitiveGamesTests.swift in Sources */,
			);
			runOnlyForDeploymentPostprocessing = 0;
		};
		1860EEBE1C295E0600A87541 /* Sources */ = {
			isa = PBXSourcesBuildPhase;
			buildActionMask = 2147483647;
			files = (
				1860EEC71C295E0600A87541 /* CognitiveGamesUITests.swift in Sources */,
			);
			runOnlyForDeploymentPostprocessing = 0;
		};
/* End PBXSourcesBuildPhase section */

/* Begin PBXTargetDependency section */
		1860EEB91C295E0600A87541 /* PBXTargetDependency */ = {
			isa = PBXTargetDependency;
			target = 1860EEA21C295E0600A87541 /* CognitiveGames */;
			targetProxy = 1860EEB81C295E0600A87541 /* PBXContainerItemProxy */;
		};
		1860EEC41C295E0600A87541 /* PBXTargetDependency */ = {
			isa = PBXTargetDependency;
			target = 1860EEA21C295E0600A87541 /* CognitiveGames */;
			targetProxy = 1860EEC31C295E0600A87541 /* PBXContainerItemProxy */;
		};
/* End PBXTargetDependency section */

/* Begin PBXVariantGroup section */
		1860EEAA1C295E0600A87541 /* Main.storyboard */ = {
			isa = PBXVariantGroup;
			children = (
				1860EEAB1C295E0600A87541 /* Base */,
			);
			name = Main.storyboard;
			sourceTree = "<group>";
		};
		1860EEAF1C295E0600A87541 /* LaunchScreen.storyboard */ = {
			isa = PBXVariantGroup;
			children = (
				1860EEB01C295E0600A87541 /* Base */,
			);
			name = LaunchScreen.storyboard;
			sourceTree = "<group>";
		};
/* End PBXVariantGroup section */

/* Begin XCBuildConfiguration section */
		1860EEC91C295E0600A87541 /* Debug */ = {
			isa = XCBuildConfiguration;
			buildSettings = {
				ALWAYS_SEARCH_USER_PATHS = NO;
				CLANG_CXX_LANGUAGE_STANDARD = "gnu++0x";
				CLANG_CXX_LIBRARY = "libc++";
				CLANG_ENABLE_MODULES = YES;
				CLANG_ENABLE_OBJC_ARC = YES;
				CLANG_WARN_BOOL_CONVERSION = YES;
				CLANG_WARN_CONSTANT_CONVERSION = YES;
				CLANG_WARN_DIRECT_OBJC_ISA_USAGE = YES_ERROR;
				CLANG_WARN_EMPTY_BODY = YES;
				CLANG_WARN_ENUM_CONVERSION = YES;
				CLANG_WARN_INT_CONVERSION = YES;
				CLANG_WARN_OBJC_ROOT_CLASS = YES_ERROR;
				CLANG_WARN_UNREACHABLE_CODE = YES;
				CLANG_WARN__DUPLICATE_METHOD_MATCH = YES;
				"CODE_SIGN_IDENTITY[sdk=iphoneos*]" = "iPhone Developer";
				COPY_PHASE_STRIP = NO;
				DEBUG_INFORMATION_FORMAT = dwarf;
				ENABLE_STRICT_OBJC_MSGSEND = YES;
				ENABLE_TESTABILITY = YES;
				GCC_C_LANGUAGE_STANDARD = gnu99;
				GCC_DYNAMIC_NO_PIC = NO;
				GCC_NO_COMMON_BLOCKS = YES;
				GCC_OPTIMIZATION_LEVEL = 0;
				GCC_PREPROCESSOR_DEFINITIONS = (
					"DEBUG=1",
					"$(inherited)",
				);
				GCC_WARN_64_TO_32_BIT_CONVERSION = YES;
				GCC_WARN_ABOUT_RETURN_TYPE = YES_ERROR;
				GCC_WARN_UNDECLARED_SELECTOR = YES;
				GCC_WARN_UNINITIALIZED_AUTOS = YES_AGGRESSIVE;
				GCC_WARN_UNUSED_FUNCTION = YES;
				GCC_WARN_UNUSED_VARIABLE = YES;
				IPHONEOS_DEPLOYMENT_TARGET = 9.2;
				MTL_ENABLE_DEBUG_INFO = YES;
				ONLY_ACTIVE_ARCH = YES;
				SDKROOT = iphoneos;
				SWIFT_OPTIMIZATION_LEVEL = "-Onone";
				TARGETED_DEVICE_FAMILY = "1,2";
			};
			name = Debug;
		};
		1860EECA1C295E0600A87541 /* Release */ = {
			isa = XCBuildConfiguration;
			buildSettings = {
				ALWAYS_SEARCH_USER_PATHS = NO;
				CLANG_CXX_LANGUAGE_STANDARD = "gnu++0x";
				CLANG_CXX_LIBRARY = "libc++";
				CLANG_ENABLE_MODULES = YES;
				CLANG_ENABLE_OBJC_ARC = YES;
				CLANG_WARN_BOOL_CONVERSION = YES;
				CLANG_WARN_CONSTANT_CONVERSION = YES;
				CLANG_WARN_DIRECT_OBJC_ISA_USAGE = YES_ERROR;
				CLANG_WARN_EMPTY_BODY = YES;
				CLANG_WARN_ENUM_CONVERSION = YES;
				CLANG_WARN_INT_CONVERSION = YES;
				CLANG_WARN_OBJC_ROOT_CLASS = YES_ERROR;
				CLANG_WARN_UNREACHABLE_CODE = YES;
				CLANG_WARN__DUPLICATE_METHOD_MATCH = YES;
				"CODE_SIGN_IDENTITY[sdk=iphoneos*]" = "iPhone Developer";
				COPY_PHASE_STRIP = NO;
				DEBUG_INFORMATION_FORMAT = "dwarf-with-dsym";
				ENABLE_NS_ASSERTIONS = NO;
				ENABLE_STRICT_OBJC_MSGSEND = YES;
				GCC_C_LANGUAGE_STANDARD = gnu99;
				GCC_NO_COMMON_BLOCKS = YES;
				GCC_WARN_64_TO_32_BIT_CONVERSION = YES;
				GCC_WARN_ABOUT_RETURN_TYPE = YES_ERROR;
				GCC_WARN_UNDECLARED_SELECTOR = YES;
				GCC_WARN_UNINITIALIZED_AUTOS = YES_AGGRESSIVE;
				GCC_WARN_UNUSED_FUNCTION = YES;
				GCC_WARN_UNUSED_VARIABLE = YES;
				IPHONEOS_DEPLOYMENT_TARGET = 9.2;
				MTL_ENABLE_DEBUG_INFO = NO;
				SDKROOT = iphoneos;
				TARGETED_DEVICE_FAMILY = "1,2";
				VALIDATE_PRODUCT = YES;
			};
			name = Release;
		};
		1860EECC1C295E0600A87541 /* Debug */ = {
			isa = XCBuildConfiguration;
			buildSettings = {
				ASSETCATALOG_COMPILER_APPICON_NAME = AppIcon;
				INFOPLIST_FILE = CognitiveGames/Info.plist;
				LD_RUNPATH_SEARCH_PATHS = "$(inherited) @executable_path/Frameworks";
				PRODUCT_BUNDLE_IDENTIFIER = com.ChaoticNeutral.CognitiveGames;
				PRODUCT_NAME = "$(TARGET_NAME)";
			};
			name = Debug;
		};
		1860EECD1C295E0600A87541 /* Release */ = {
			isa = XCBuildConfiguration;
			buildSettings = {
				ASSETCATALOG_COMPILER_APPICON_NAME = AppIcon;
				INFOPLIST_FILE = CognitiveGames/Info.plist;
				LD_RUNPATH_SEARCH_PATHS = "$(inherited) @executable_path/Frameworks";
				PRODUCT_BUNDLE_IDENTIFIER = com.ChaoticNeutral.CognitiveGames;
				PRODUCT_NAME = "$(TARGET_NAME)";
			};
			name = Release;
		};
		1860EECF1C295E0600A87541 /* Debug */ = {
			isa = XCBuildConfiguration;
			buildSettings = {
				BUNDLE_LOADER = "$(TEST_HOST)";
				INFOPLIST_FILE = CognitiveGamesTests/Info.plist;
				LD_RUNPATH_SEARCH_PATHS = "$(inherited) @executable_path/Frameworks @loader_path/Frameworks";
				PRODUCT_BUNDLE_IDENTIFIER = com.ChaoticNeutral.CognitiveGamesTests;
				PRODUCT_NAME = "$(TARGET_NAME)";
				TEST_HOST = "$(BUILT_PRODUCTS_DIR)/CognitiveGames.app/CognitiveGames";
			};
			name = Debug;
		};
		1860EED01C295E0600A87541 /* Release */ = {
			isa = XCBuildConfiguration;
			buildSettings = {
				BUNDLE_LOADER = "$(TEST_HOST)";
				INFOPLIST_FILE = CognitiveGamesTests/Info.plist;
				LD_RUNPATH_SEARCH_PATHS = "$(inherited) @executable_path/Frameworks @loader_path/Frameworks";
				PRODUCT_BUNDLE_IDENTIFIER = com.ChaoticNeutral.CognitiveGamesTests;
				PRODUCT_NAME = "$(TARGET_NAME)";
				TEST_HOST = "$(BUILT_PRODUCTS_DIR)/CognitiveGames.app/CognitiveGames";
			};
			name = Release;
		};
		1860EED21C295E0600A87541 /* Debug */ = {
			isa = XCBuildConfiguration;
			buildSettings = {
				INFOPLIST_FILE = CognitiveGamesUITests/Info.plist;
				LD_RUNPATH_SEARCH_PATHS = "$(inherited) @executable_path/Frameworks @loader_path/Frameworks";
				PRODUCT_BUNDLE_IDENTIFIER = com.ChaoticNeutral.CognitiveGamesUITests;
				PRODUCT_NAME = "$(TARGET_NAME)";
				TEST_TARGET_NAME = CognitiveGames;
				USES_XCTRUNNER = YES;
			};
			name = Debug;
		};
		1860EED31C295E0600A87541 /* Release */ = {
			isa = XCBuildConfiguration;
			buildSettings = {
				INFOPLIST_FILE = CognitiveGamesUITests/Info.plist;
				LD_RUNPATH_SEARCH_PATHS = "$(inherited) @executable_path/Frameworks @loader_path/Frameworks";
				PRODUCT_BUNDLE_IDENTIFIER = com.ChaoticNeutral.CognitiveGamesUITests;
				PRODUCT_NAME = "$(TARGET_NAME)";
				TEST_TARGET_NAME = CognitiveGames;
				USES_XCTRUNNER = YES;
			};
			name = Release;
		};
/* End XCBuildConfiguration section */

/* Begin XCConfigurationList section */
		1860EE9E1C295E0600A87541 /* Build configuration list for PBXProject "CognitiveGames" */ = {
			isa = XCConfigurationList;
			buildConfigurations = (
				1860EEC91C295E0600A87541 /* Debug */,
				1860EECA1C295E0600A87541 /* Release */,
			);
			defaultConfigurationIsVisible = 0;
			defaultConfigurationName = Release;
		};
		1860EECB1C295E0600A87541 /* Build configuration list for PBXNativeTarget "CognitiveGames" */ = {
			isa = XCConfigurationList;
			buildConfigurations = (
				1860EECC1C295E0600A87541 /* Debug */,
				1860EECD1C295E0600A87541 /* Release */,
			);
			defaultConfigurationIsVisible = 0;
			defaultConfigurationName = Release;
		};
		1860EECE1C295E0600A87541 /* Build configuration list for PBXNativeTarget "CognitiveGamesTests" */ = {
			isa = XCConfigurationList;
			buildConfigurations = (
				1860EECF1C295E0600A87541 /* Debug */,
				1860EED01C295E0600A87541 /* Release */,
			);
			defaultConfigurationIsVisible = 0;
			defaultConfigurationName = Release;
		};
		1860EED11C295E0600A87541 /* Build configuration list for PBXNativeTarget "CognitiveGamesUITests" */ = {
			isa = XCConfigurationList;
			buildConfigurations = (
				1860EED21C295E0600A87541 /* Debug */,
				1860EED31C295E0600A87541 /* Release */,
			);
			defaultConfigurationIsVisible = 0;
			defaultConfigurationName = Release;
		};
/* End XCConfigurationList section */
	};
	rootObject = 1860EE9B1C295E0600A87541 /* Project object */;
}
